
Microsoft Visual Studio Solution File, Format Version 12.00
# Visual Studio Version 17
VisualStudioVersion = 17.3.32819.101
MinimumVisualStudioVersion = 10.0.40219.1
Project("{FAE04EC0-301F-11D3-BF4B-00C04F79EFBC}") = "SalesMvc", "SalesMvc\SalesMvc.csproj", "{BED45379-0DF4-4694-A97E-3482361A9825}"
EndProject
Global
	GlobalSection(SolutionConfigurationPlatforms) = preSolution
		Debug|Any CPU = Debug|Any CPU
		Release|Any CPU = Release|Any CPU
	EndGlobalSection
	GlobalSection(ProjectConfigurationPlatforms) = postSolution
		{BED45379-0DF4-4694-A97E-3482361A9825}.Debug|Any CPU.ActiveCfg = Debug|Any CPU
		{BED45379-0DF4-4694-A97E-3482361A9825}.Debug|Any CPU.Build.0 = Debug|Any CPU
		{BED45379-0DF4-4694-A97E-3482361A9825}.Release|Any CPU.ActiveCfg = Release|Any CPU
		{BED45379-0DF4-4694-A97E-3482361A9825}.Release|Any CPU.Build.0 = Release|Any CPU
	EndGlobalSection
	GlobalSection(SolutionProperties) = preSolution
		HideSolutionNode = FALSE
	EndGlobalSection
	GlobalSection(ExtensibilityGlobals) = postSolution
		SolutionGuid = {85DED334-A9D8-4380-B90E-C02DD2444CB6}
	EndGlobalSection
EndGlobal
